// !$*UTF8*$!
{
	archiveVersion = 1;
	classes = {
	};
	objectVersion = 50;
	objects = {

/* Begin PBXBuildFile section */
		28558ABA22DEFDC70014BFC8 /* AppDelegate.swift in Sources */ = {isa = PBXBuildFile; fileRef = 28558AB922DEFDC70014BFC8 /* AppDelegate.swift */; };
		28558ABF22DEFDC70014BFC8 /* Main.storyboard in Resources */ = {isa = PBXBuildFile; fileRef = 28558ABD22DEFDC70014BFC8 /* Main.storyboard */; };
		28558AC122DEFDCB0014BFC8 /* Assets.xcassets in Resources */ = {isa = PBXBuildFile; fileRef = 28558AC022DEFDCB0014BFC8 /* Assets.xcassets */; };
		28558AC422DEFDCB0014BFC8 /* LaunchScreen.storyboard in Resources */ = {isa = PBXBuildFile; fileRef = 28558AC222DEFDCB0014BFC8 /* LaunchScreen.storyboard */; };
		28558ACF22DEFDCB0014BFC8 /* TableViewTests.swift in Sources */ = {isa = PBXBuildFile; fileRef = 28558ACE22DEFDCB0014BFC8 /* TableViewTests.swift */; };
		28558ADA22DEFDCB0014BFC8 /* TableViewUITests.swift in Sources */ = {isa = PBXBuildFile; fileRef = 28558AD922DEFDCB0014BFC8 /* TableViewUITests.swift */; };
		28558AFA22DF05EE0014BFC8 /* ManyCellController.swift in Sources */ = {isa = PBXBuildFile; fileRef = 28558AEB22DF05EE0014BFC8 /* ManyCellController.swift */; };
		28558AFB22DF05EE0014BFC8 /* EmailCell.xib in Resources */ = {isa = PBXBuildFile; fileRef = 28558AED22DF05EE0014BFC8 /* EmailCell.xib */; };
		28558AFC22DF05EE0014BFC8 /* EmailCell.swift in Sources */ = {isa = PBXBuildFile; fileRef = 28558AEE22DF05EE0014BFC8 /* EmailCell.swift */; };
		28558AFD22DF05EE0014BFC8 /* FriendCell.xib in Resources */ = {isa = PBXBuildFile; fileRef = 28558AEF22DF05EE0014BFC8 /* FriendCell.xib */; };
		28558AFE22DF05EE0014BFC8 /* AttributeCell.swift in Sources */ = {isa = PBXBuildFile; fileRef = 28558AF022DF05EE0014BFC8 /* AttributeCell.swift */; };
		28558AFF22DF05EE0014BFC8 /* AboutCell.swift in Sources */ = {isa = PBXBuildFile; fileRef = 28558AF122DF05EE0014BFC8 /* AboutCell.swift */; };
		28558B0022DF05EE0014BFC8 /* NamePictureCell.swift in Sources */ = {isa = PBXBuildFile; fileRef = 28558AF222DF05EE0014BFC8 /* NamePictureCell.swift */; };
		28558B0122DF05EE0014BFC8 /* AboutCell.xib in Resources */ = {isa = PBXBuildFile; fileRef = 28558AF322DF05EE0014BFC8 /* AboutCell.xib */; };
		28558B0222DF05EE0014BFC8 /* FriendCell.swift in Sources */ = {isa = PBXBuildFile; fileRef = 28558AF422DF05EE0014BFC8 /* FriendCell.swift */; };
		28558B0322DF05EE0014BFC8 /* AttributeCell.xib in Resources */ = {isa = PBXBuildFile; fileRef = 28558AF522DF05EE0014BFC8 /* AttributeCell.xib */; };
		28558B0422DF05EE0014BFC8 /* NamePictureCell.xib in Resources */ = {isa = PBXBuildFile; fileRef = 28558AF622DF05EE0014BFC8 /* NamePictureCell.xib */; };
		28558B0522DF05EE0014BFC8 /* ServerData.json in Resources */ = {isa = PBXBuildFile; fileRef = 28558AF722DF05EE0014BFC8 /* ServerData.json */; };
		28558B0622DF05EE0014BFC8 /* ProfileViewModel.swift in Sources */ = {isa = PBXBuildFile; fileRef = 28558AF822DF05EE0014BFC8 /* ProfileViewModel.swift */; };
		28558B0722DF05EE0014BFC8 /* ProfileModel.swift in Sources */ = {isa = PBXBuildFile; fileRef = 28558AF922DF05EE0014BFC8 /* ProfileModel.swift */; };
		28558B0A22DF1A280014BFC8 /* BaseIGListKitController.swift in Sources */ = {isa = PBXBuildFile; fileRef = 28558B0922DF1A280014BFC8 /* BaseIGListKitController.swift */; };
		28558B0C22DF46D70014BFC8 /* IGListKit.json in Resources */ = {isa = PBXBuildFile; fileRef = 28558B0B22DF46D70014BFC8 /* IGListKit.json */; };
		28558B1022E00DC20014BFC8 /* UserInfoCell.swift in Sources */ = {isa = PBXBuildFile; fileRef = 28558B0E22E00DC20014BFC8 /* UserInfoCell.swift */; };
		28558B1122E00DC20014BFC8 /* UserInfoCell.xib in Resources */ = {isa = PBXBuildFile; fileRef = 28558B0F22E00DC20014BFC8 /* UserInfoCell.xib */; };
		28558B1322E011B90014BFC8 /* UserInfoSectionController.swift in Sources */ = {isa = PBXBuildFile; fileRef = 28558B1222E011B90014BFC8 /* UserInfoSectionController.swift */; };
		28558B1522E011F30014BFC8 /* UserInfoModel.swift in Sources */ = {isa = PBXBuildFile; fileRef = 28558B1422E011F30014BFC8 /* UserInfoModel.swift */; };
		28558B6D22E025D00014BFC8 /* Feed.swift in Sources */ = {isa = PBXBuildFile; fileRef = 28558B6C22E025D00014BFC8 /* Feed.swift */; };
		28558B7322E041180014BFC8 /* CommentsModel.swift in Sources */ = {isa = PBXBuildFile; fileRef = 28558B7222E041180014BFC8 /* CommentsModel.swift */; };
		28558B7522E041410014BFC8 /* ContentModel.swift in Sources */ = {isa = PBXBuildFile; fileRef = 28558B7422E041410014BFC8 /* ContentModel.swift */; };
		28558B7722E043210014BFC8 /* ImagesCollectionCellModel.swift in Sources */ = {isa = PBXBuildFile; fileRef = 28558B7622E043210014BFC8 /* ImagesCollectionCellModel.swift */; };
		28558B7922E043A50014BFC8 /* LikesModel.swift in Sources */ = {isa = PBXBuildFile; fileRef = 28558B7822E043A50014BFC8 /* LikesModel.swift */; };
		28558B7B22E0653B0014BFC8 /* FirstListController.swift in Sources */ = {isa = PBXBuildFile; fileRef = 28558B7A22E0653B0014BFC8 /* FirstListController.swift */; };
		28558B7E22E06C0D0014BFC8 /* ContentCell.swift in Sources */ = {isa = PBXBuildFile; fileRef = 28558B7C22E06C0D0014BFC8 /* ContentCell.swift */; };
		28558B7F22E06C0D0014BFC8 /* ContentCell.xib in Resources */ = {isa = PBXBuildFile; fileRef = 28558B7D22E06C0D0014BFC8 /* ContentCell.xib */; };
		28558B8122E06CE50014BFC8 /* ContentSectionController.swift in Sources */ = {isa = PBXBuildFile; fileRef = 28558B8022E06CE50014BFC8 /* ContentSectionController.swift */; };
		28558B8722E06E220014BFC8 /* ImageSectionController.swift in Sources */ = {isa = PBXBuildFile; fileRef = 28558B8622E06E210014BFC8 /* ImageSectionController.swift */; };
		28558B8A22E071C00014BFC8 /* ImageCollectionCell.swift in Sources */ = {isa = PBXBuildFile; fileRef = 28558B8822E071BF0014BFC8 /* ImageCollectionCell.swift */; };
		28558B8B22E071C00014BFC8 /* ImageCollectionCell.xib in Resources */ = {isa = PBXBuildFile; fileRef = 28558B8922E071BF0014BFC8 /* ImageCollectionCell.xib */; };
		28558B8E22E073820014BFC8 /* ImageCell.xib in Resources */ = {isa = PBXBuildFile; fileRef = 28558B8C22E073820014BFC8 /* ImageCell.xib */; };
		28558B8F22E073820014BFC8 /* ImageCell.swift in Sources */ = {isa = PBXBuildFile; fileRef = 28558B8D22E073820014BFC8 /* ImageCell.swift */; };
		28558B9222E076D20014BFC8 /* LikeCell.swift in Sources */ = {isa = PBXBuildFile; fileRef = 28558B9022E076D20014BFC8 /* LikeCell.swift */; };
		28558B9322E076D20014BFC8 /* LikeCell.xib in Resources */ = {isa = PBXBuildFile; fileRef = 28558B9122E076D20014BFC8 /* LikeCell.xib */; };
		28558B9522E0785E0014BFC8 /* likeSectionController.swift in Sources */ = {isa = PBXBuildFile; fileRef = 28558B9422E0785E0014BFC8 /* likeSectionController.swift */; };
		28558B9822E07A960014BFC8 /* CommentsCell.swift in Sources */ = {isa = PBXBuildFile; fileRef = 28558B9622E07A960014BFC8 /* CommentsCell.swift */; };
		28558B9922E07A960014BFC8 /* CommentsCell.xib in Resources */ = {isa = PBXBuildFile; fileRef = 28558B9722E07A960014BFC8 /* CommentsCell.xib */; };
		28558B9B22E0896E0014BFC8 /* CommentsSectionController.swift in Sources */ = {isa = PBXBuildFile; fileRef = 28558B9A22E0896E0014BFC8 /* CommentsSectionController.swift */; };
		28558B9D22E08D120014BFC8 /* TableViewController.swift in Sources */ = {isa = PBXBuildFile; fileRef = 28558B9C22E08D120014BFC8 /* TableViewController.swift */; };
		28558B9F22E08D730014BFC8 /* TableView.plist in Resources */ = {isa = PBXBuildFile; fileRef = 28558B9E22E08D730014BFC8 /* TableView.plist */; };
		28558BA122E08D980014BFC8 /* Model.swift in Sources */ = {isa = PBXBuildFile; fileRef = 28558BA022E08D980014BFC8 /* Model.swift */; };
		28C64DCF22E1A93900CA0B66 /* CommentCell.xib in Resources */ = {isa = PBXBuildFile; fileRef = 28C64DC022E1A93900CA0B66 /* CommentCell.xib */; };
		28C64DD022E1A93900CA0B66 /* ImageViewModel.swift in Sources */ = {isa = PBXBuildFile; fileRef = 28C64DC122E1A93900CA0B66 /* ImageViewModel.swift */; };
		28C64DD122E1A93900CA0B66 /* SecondImageCell.xib in Resources */ = {isa = PBXBuildFile; fileRef = 28C64DC222E1A93900CA0B66 /* SecondImageCell.xib */; };
		28C64DD222E1A93900CA0B66 /* Comment.swift in Sources */ = {isa = PBXBuildFile; fileRef = 28C64DC322E1A93900CA0B66 /* Comment.swift */; };
		28C64DD322E1A93900CA0B66 /* PostSectionController.swift in Sources */ = {isa = PBXBuildFile; fileRef = 28C64DC422E1A93900CA0B66 /* PostSectionController.swift */; };
		28C64DD422E1A93900CA0B66 /* UserCell.swift in Sources */ = {isa = PBXBuildFile; fileRef = 28C64DC522E1A93900CA0B66 /* UserCell.swift */; };
		28C64DD522E1A93900CA0B66 /* UserViewModel.swift in Sources */ = {isa = PBXBuildFile; fileRef = 28C64DC622E1A93900CA0B66 /* UserViewModel.swift */; };
		28C64DD622E1A93900CA0B66 /* ActionCell.xib in Resources */ = {isa = PBXBuildFile; fileRef = 28C64DC722E1A93900CA0B66 /* ActionCell.xib */; };
		28C64DD722E1A93900CA0B66 /* ActionCell.swift in Sources */ = {isa = PBXBuildFile; fileRef = 28C64DC822E1A93900CA0B66 /* ActionCell.swift */; };
		28C64DD822E1A93900CA0B66 /* CommentCell.swift in Sources */ = {isa = PBXBuildFile; fileRef = 28C64DC922E1A93900CA0B66 /* CommentCell.swift */; };
		28C64DD922E1A93900CA0B66 /* ActionViewModel.swift in Sources */ = {isa = PBXBuildFile; fileRef = 28C64DCA22E1A93900CA0B66 /* ActionViewModel.swift */; };
		28C64DDA22E1A93900CA0B66 /* Post.swift in Sources */ = {isa = PBXBuildFile; fileRef = 28C64DCB22E1A93900CA0B66 /* Post.swift */; };
		28C64DDB22E1A93900CA0B66 /* SecondImageCell.swift in Sources */ = {isa = PBXBuildFile; fileRef = 28C64DCC22E1A93900CA0B66 /* SecondImageCell.swift */; };
		28C64DDC22E1A93900CA0B66 /* UserCell.xib in Resources */ = {isa = PBXBuildFile; fileRef = 28C64DCD22E1A93900CA0B66 /* UserCell.xib */; };
		28C64DDD22E1A93900CA0B66 /* SecondListController.swift in Sources */ = {isa = PBXBuildFile; fileRef = 28C64DCE22E1A93900CA0B66 /* SecondListController.swift */; };
		A89620D581A16110B9DCE11C /* Pods_TableView.framework in Frameworks */ = {isa = PBXBuildFile; fileRef = 1163753A54C83394EC4480CC /* Pods_TableView.framework */; };
/* End PBXBuildFile section */

/* Begin PBXContainerItemProxy section */
		28558ACB22DEFDCB0014BFC8 /* PBXContainerItemProxy */ = {
			isa = PBXContainerItemProxy;
			containerPortal = 28558AAE22DEFDC70014BFC8 /* Project object */;
			proxyType = 1;
			remoteGlobalIDString = 28558AB522DEFDC70014BFC8;
			remoteInfo = TableView;
		};
		28558AD622DEFDCB0014BFC8 /* PBXContainerItemProxy */ = {
			isa = PBXContainerItemProxy;
			containerPortal = 28558AAE22DEFDC70014BFC8 /* Project object */;
			proxyType = 1;
			remoteGlobalIDString = 28558AB522DEFDC70014BFC8;
			remoteInfo = TableView;
		};
/* End PBXContainerItemProxy section */

/* Begin PBXFileReference section */
		00AC47E67E0AF022533B8794 /* Pods-TableView.release.xcconfig */ = {isa = PBXFileReference; includeInIndex = 1; lastKnownFileType = text.xcconfig; name = "Pods-TableView.release.xcconfig"; path = "Target Support Files/Pods-TableView/Pods-TableView.release.xcconfig"; sourceTree = "<group>"; };
		1163753A54C83394EC4480CC /* Pods_TableView.framework */ = {isa = PBXFileReference; explicitFileType = wrapper.framework; includeInIndex = 0; path = Pods_TableView.framework; sourceTree = BUILT_PRODUCTS_DIR; };
		28558AB622DEFDC70014BFC8 /* TableView.app */ = {isa = PBXFileReference; explicitFileType = wrapper.application; includeInIndex = 0; path = TableView.app; sourceTree = BUILT_PRODUCTS_DIR; };
		28558AB922DEFDC70014BFC8 /* AppDelegate.swift */ = {isa = PBXFileReference; lastKnownFileType = sourcecode.swift; path = AppDelegate.swift; sourceTree = "<group>"; };
		28558ABE22DEFDC70014BFC8 /* Base */ = {isa = PBXFileReference; lastKnownFileType = file.storyboard; name = Base; path = Base.lproj/Main.storyboard; sourceTree = "<group>"; };
		28558AC022DEFDCB0014BFC8 /* Assets.xcassets */ = {isa = PBXFileReference; lastKnownFileType = folder.assetcatalog; path = Assets.xcassets; sourceTree = "<group>"; };
		28558AC322DEFDCB0014BFC8 /* Base */ = {isa = PBXFileReference; lastKnownFileType = file.storyboard; name = Base; path = Base.lproj/LaunchScreen.storyboard; sourceTree = "<group>"; };
		28558AC522DEFDCB0014BFC8 /* Info.plist */ = {isa = PBXFileReference; lastKnownFileType = text.plist.xml; path = Info.plist; sourceTree = "<group>"; };
		28558ACA22DEFDCB0014BFC8 /* TableViewTests.xctest */ = {isa = PBXFileReference; explicitFileType = wrapper.cfbundle; includeInIndex = 0; path = TableViewTests.xctest; sourceTree = BUILT_PRODUCTS_DIR; };
		28558ACE22DEFDCB0014BFC8 /* TableViewTests.swift */ = {isa = PBXFileReference; lastKnownFileType = sourcecode.swift; path = TableViewTests.swift; sourceTree = "<group>"; };
		28558AD022DEFDCB0014BFC8 /* Info.plist */ = {isa = PBXFileReference; lastKnownFileType = text.plist.xml; path = Info.plist; sourceTree = "<group>"; };
		28558AD522DEFDCB0014BFC8 /* TableViewUITests.xctest */ = {isa = PBXFileReference; explicitFileType = wrapper.cfbundle; includeInIndex = 0; path = TableViewUITests.xctest; sourceTree = BUILT_PRODUCTS_DIR; };
		28558AD922DEFDCB0014BFC8 /* TableViewUITests.swift */ = {isa = PBXFileReference; lastKnownFileType = sourcecode.swift; path = TableViewUITests.swift; sourceTree = "<group>"; };
		28558ADB22DEFDCB0014BFC8 /* Info.plist */ = {isa = PBXFileReference; lastKnownFileType = text.plist.xml; path = Info.plist; sourceTree = "<group>"; };
		28558AEB22DF05EE0014BFC8 /* ManyCellController.swift */ = {isa = PBXFileReference; fileEncoding = 4; lastKnownFileType = sourcecode.swift; path = ManyCellController.swift; sourceTree = "<group>"; };
		28558AED22DF05EE0014BFC8 /* EmailCell.xib */ = {isa = PBXFileReference; fileEncoding = 4; lastKnownFileType = file.xib; path = EmailCell.xib; sourceTree = "<group>"; };
		28558AEE22DF05EE0014BFC8 /* EmailCell.swift */ = {isa = PBXFileReference; fileEncoding = 4; lastKnownFileType = sourcecode.swift; path = EmailCell.swift; sourceTree = "<group>"; };
		28558AEF22DF05EE0014BFC8 /* FriendCell.xib */ = {isa = PBXFileReference; fileEncoding = 4; lastKnownFileType = file.xib; path = FriendCell.xib; sourceTree = "<group>"; };
		28558AF022DF05EE0014BFC8 /* AttributeCell.swift */ = {isa = PBXFileReference; fileEncoding = 4; lastKnownFileType = sourcecode.swift; path = AttributeCell.swift; sourceTree = "<group>"; };
		28558AF122DF05EE0014BFC8 /* AboutCell.swift */ = {isa = PBXFileReference; fileEncoding = 4; lastKnownFileType = sourcecode.swift; path = AboutCell.swift; sourceTree = "<group>"; };
		28558AF222DF05EE0014BFC8 /* NamePictureCell.swift */ = {isa = PBXFileReference; fileEncoding = 4; lastKnownFileType = sourcecode.swift; path = NamePictureCell.swift; sourceTree = "<group>"; };
		28558AF322DF05EE0014BFC8 /* AboutCell.xib */ = {isa = PBXFileReference; fileEncoding = 4; lastKnownFileType = file.xib; path = AboutCell.xib; sourceTree = "<group>"; };
		28558AF422DF05EE0014BFC8 /* FriendCell.swift */ = {isa = PBXFileReference; fileEncoding = 4; lastKnownFileType = sourcecode.swift; path = FriendCell.swift; sourceTree = "<group>"; };
		28558AF522DF05EE0014BFC8 /* AttributeCell.xib */ = {isa = PBXFileReference; fileEncoding = 4; lastKnownFileType = file.xib; path = AttributeCell.xib; sourceTree = "<group>"; };
		28558AF622DF05EE0014BFC8 /* NamePictureCell.xib */ = {isa = PBXFileReference; fileEncoding = 4; lastKnownFileType = file.xib; path = NamePictureCell.xib; sourceTree = "<group>"; };
		28558AF722DF05EE0014BFC8 /* ServerData.json */ = {isa = PBXFileReference; fileEncoding = 4; lastKnownFileType = text.json; path = ServerData.json; sourceTree = "<group>"; };
		28558AF822DF05EE0014BFC8 /* ProfileViewModel.swift */ = {isa = PBXFileReference; fileEncoding = 4; lastKnownFileType = sourcecode.swift; path = ProfileViewModel.swift; sourceTree = "<group>"; };
		28558AF922DF05EE0014BFC8 /* ProfileModel.swift */ = {isa = PBXFileReference; fileEncoding = 4; lastKnownFileType = sourcecode.swift; path = ProfileModel.swift; sourceTree = "<group>"; };
		28558B0922DF1A280014BFC8 /* BaseIGListKitController.swift */ = {isa = PBXFileReference; lastKnownFileType = sourcecode.swift; path = BaseIGListKitController.swift; sourceTree = "<group>"; };
		28558B0B22DF46D70014BFC8 /* IGListKit.json */ = {isa = PBXFileReference; fileEncoding = 4; lastKnownFileType = text.json; path = IGListKit.json; sourceTree = "<group>"; };
		28558B0E22E00DC20014BFC8 /* UserInfoCell.swift */ = {isa = PBXFileReference; lastKnownFileType = sourcecode.swift; path = UserInfoCell.swift; sourceTree = "<group>"; };
		28558B0F22E00DC20014BFC8 /* UserInfoCell.xib */ = {isa = PBXFileReference; lastKnownFileType = file.xib; path = UserInfoCell.xib; sourceTree = "<group>"; };
		28558B1222E011B90014BFC8 /* UserInfoSectionController.swift */ = {isa = PBXFileReference; lastKnownFileType = sourcecode.swift; path = UserInfoSectionController.swift; sourceTree = "<group>"; };
		28558B1422E011F30014BFC8 /* UserInfoModel.swift */ = {isa = PBXFileReference; lastKnownFileType = sourcecode.swift; path = UserInfoModel.swift; sourceTree = "<group>"; };
		28558B6C22E025D00014BFC8 /* Feed.swift */ = {isa = PBXFileReference; lastKnownFileType = sourcecode.swift; path = Feed.swift; sourceTree = "<group>"; };
		28558B7222E041180014BFC8 /* CommentsModel.swift */ = {isa = PBXFileReference; lastKnownFileType = sourcecode.swift; path = CommentsModel.swift; sourceTree = "<group>"; };
		28558B7422E041410014BFC8 /* ContentModel.swift */ = {isa = PBXFileReference; lastKnownFileType = sourcecode.swift; path = ContentModel.swift; sourceTree = "<group>"; };
		28558B7622E043210014BFC8 /* ImagesCollectionCellModel.swift */ = {isa = PBXFileReference; lastKnownFileType = sourcecode.swift; path = ImagesCollectionCellModel.swift; sourceTree = "<group>"; };
		28558B7822E043A50014BFC8 /* LikesModel.swift */ = {isa = PBXFileReference; lastKnownFileType = sourcecode.swift; path = LikesModel.swift; sourceTree = "<group>"; };
		28558B7A22E0653B0014BFC8 /* FirstListController.swift */ = {isa = PBXFileReference; lastKnownFileType = sourcecode.swift; path = FirstListController.swift; sourceTree = "<group>"; };
		28558B7C22E06C0D0014BFC8 /* ContentCell.swift */ = {isa = PBXFileReference; lastKnownFileType = sourcecode.swift; path = ContentCell.swift; sourceTree = "<group>"; };
		28558B7D22E06C0D0014BFC8 /* ContentCell.xib */ = {isa = PBXFileReference; lastKnownFileType = file.xib; path = ContentCell.xib; sourceTree = "<group>"; };
		28558B8022E06CE50014BFC8 /* ContentSectionController.swift */ = {isa = PBXFileReference; lastKnownFileType = sourcecode.swift; path = ContentSectionController.swift; sourceTree = "<group>"; };
		28558B8622E06E210014BFC8 /* ImageSectionController.swift */ = {isa = PBXFileReference; fileEncoding = 4; lastKnownFileType = sourcecode.swift; path = ImageSectionController.swift; sourceTree = "<group>"; };
		28558B8822E071BF0014BFC8 /* ImageCollectionCell.swift */ = {isa = PBXFileReference; fileEncoding = 4; lastKnownFileType = sourcecode.swift; path = ImageCollectionCell.swift; sourceTree = "<group>"; };
		28558B8922E071BF0014BFC8 /* ImageCollectionCell.xib */ = {isa = PBXFileReference; fileEncoding = 4; lastKnownFileType = file.xib; path = ImageCollectionCell.xib; sourceTree = "<group>"; };
		28558B8C22E073820014BFC8 /* ImageCell.xib */ = {isa = PBXFileReference; fileEncoding = 4; lastKnownFileType = file.xib; path = ImageCell.xib; sourceTree = "<group>"; };
		28558B8D22E073820014BFC8 /* ImageCell.swift */ = {isa = PBXFileReference; fileEncoding = 4; lastKnownFileType = sourcecode.swift; path = ImageCell.swift; sourceTree = "<group>"; };
		28558B9022E076D20014BFC8 /* LikeCell.swift */ = {isa = PBXFileReference; lastKnownFileType = sourcecode.swift; path = LikeCell.swift; sourceTree = "<group>"; };
		28558B9122E076D20014BFC8 /* LikeCell.xib */ = {isa = PBXFileReference; lastKnownFileType = file.xib; path = LikeCell.xib; sourceTree = "<group>"; };
		28558B9422E0785E0014BFC8 /* likeSectionController.swift */ = {isa = PBXFileReference; lastKnownFileType = sourcecode.swift; path = likeSectionController.swift; sourceTree = "<group>"; };
		28558B9622E07A960014BFC8 /* CommentsCell.swift */ = {isa = PBXFileReference; indentWidth = 5; lastKnownFileType = sourcecode.swift; path = CommentsCell.swift; sourceTree = "<group>"; };
		28558B9722E07A960014BFC8 /* CommentsCell.xib */ = {isa = PBXFileReference; lastKnownFileType = file.xib; path = CommentsCell.xib; sourceTree = "<group>"; };
		28558B9A22E0896E0014BFC8 /* CommentsSectionController.swift */ = {isa = PBXFileReference; lastKnownFileType = sourcecode.swift; path = CommentsSectionController.swift; sourceTree = "<group>"; };
		28558B9C22E08D120014BFC8 /* TableViewController.swift */ = {isa = PBXFileReference; fileEncoding = 4; lastKnownFileType = sourcecode.swift; path = TableViewController.swift; sourceTree = "<group>"; };
		28558B9E22E08D730014BFC8 /* TableView.plist */ = {isa = PBXFileReference; lastKnownFileType = text.plist.xml; path = TableView.plist; sourceTree = "<group>"; };
		28558BA022E08D980014BFC8 /* Model.swift */ = {isa = PBXFileReference; fileEncoding = 4; lastKnownFileType = sourcecode.swift; path = Model.swift; sourceTree = "<group>"; };
		28C64DC022E1A93900CA0B66 /* CommentCell.xib */ = {isa = PBXFileReference; fileEncoding = 4; lastKnownFileType = file.xib; path = CommentCell.xib; sourceTree = "<group>"; };
		28C64DC122E1A93900CA0B66 /* ImageViewModel.swift */ = {isa = PBXFileReference; fileEncoding = 4; lastKnownFileType = sourcecode.swift; path = ImageViewModel.swift; sourceTree = "<group>"; };
		28C64DC222E1A93900CA0B66 /* SecondImageCell.xib */ = {isa = PBXFileReference; fileEncoding = 4; lastKnownFileType = file.xib; path = SecondImageCell.xib; sourceTree = "<group>"; };
		28C64DC322E1A93900CA0B66 /* Comment.swift */ = {isa = PBXFileReference; fileEncoding = 4; lastKnownFileType = sourcecode.swift; path = Comment.swift; sourceTree = "<group>"; };
		28C64DC422E1A93900CA0B66 /* PostSectionController.swift */ = {isa = PBXFileReference; fileEncoding = 4; lastKnownFileType = sourcecode.swift; path = PostSectionController.swift; sourceTree = "<group>"; };
		28C64DC522E1A93900CA0B66 /* UserCell.swift */ = {isa = PBXFileReference; fileEncoding = 4; lastKnownFileType = sourcecode.swift; path = UserCell.swift; sourceTree = "<group>"; };
		28C64DC622E1A93900CA0B66 /* UserViewModel.swift */ = {isa = PBXFileReference; fileEncoding = 4; lastKnownFileType = sourcecode.swift; path = UserViewModel.swift; sourceTree = "<group>"; };
		28C64DC722E1A93900CA0B66 /* ActionCell.xib */ = {isa = PBXFileReference; fileEncoding = 4; lastKnownFileType = file.xib; path = ActionCell.xib; sourceTree = "<group>"; };
		28C64DC822E1A93900CA0B66 /* ActionCell.swift */ = {isa = PBXFileReference; fileEncoding = 4; lastKnownFileType = sourcecode.swift; path = ActionCell.swift; sourceTree = "<group>"; };
		28C64DC922E1A93900CA0B66 /* CommentCell.swift */ = {isa = PBXFileReference; fileEncoding = 4; lastKnownFileType = sourcecode.swift; path = CommentCell.swift; sourceTree = "<group>"; };
		28C64DCA22E1A93900CA0B66 /* ActionViewModel.swift */ = {isa = PBXFileReference; fileEncoding = 4; lastKnownFileType = sourcecode.swift; path = ActionViewModel.swift; sourceTree = "<group>"; };
		28C64DCB22E1A93900CA0B66 /* Post.swift */ = {isa = PBXFileReference; fileEncoding = 4; lastKnownFileType = sourcecode.swift; path = Post.swift; sourceTree = "<group>"; };
		28C64DCC22E1A93900CA0B66 /* SecondImageCell.swift */ = {isa = PBXFileReference; fileEncoding = 4; lastKnownFileType = sourcecode.swift; path = SecondImageCell.swift; sourceTree = "<group>"; };
		28C64DCD22E1A93900CA0B66 /* UserCell.xib */ = {isa = PBXFileReference; fileEncoding = 4; lastKnownFileType = file.xib; path = UserCell.xib; sourceTree = "<group>"; };
		28C64DCE22E1A93900CA0B66 /* SecondListController.swift */ = {isa = PBXFileReference; fileEncoding = 4; lastKnownFileType = sourcecode.swift; path = SecondListController.swift; sourceTree = "<group>"; };
		703BC4591D62341BB03DA6DE /* Pods-TableView.debug.xcconfig */ = {isa = PBXFileReference; includeInIndex = 1; lastKnownFileType = text.xcconfig; name = "Pods-TableView.debug.xcconfig"; path = "Target Support Files/Pods-TableView/Pods-TableView.debug.xcconfig"; sourceTree = "<group>"; };
/* End PBXFileReference section */

/* Begin PBXFrameworksBuildPhase section */
		28558AB322DEFDC70014BFC8 /* Frameworks */ = {
			isa = PBXFrameworksBuildPhase;
			buildActionMask = 2147483647;
			files = (
				A89620D581A16110B9DCE11C /* Pods_TableView.framework in Frameworks */,
			);
			runOnlyForDeploymentPostprocessing = 0;
		};
		28558AC722DEFDCB0014BFC8 /* Frameworks */ = {
			isa = PBXFrameworksBuildPhase;
			buildActionMask = 2147483647;
			files = (
			);
			runOnlyForDeploymentPostprocessing = 0;
		};
		28558AD222DEFDCB0014BFC8 /* Frameworks */ = {
			isa = PBXFrameworksBuildPhase;
			buildActionMask = 2147483647;
			files = (
			);
			runOnlyForDeploymentPostprocessing = 0;
		};
/* End PBXFrameworksBuildPhase section */

/* Begin PBXGroup section */
		28558AAD22DEFDC70014BFC8 = {
			isa = PBXGroup;
			children = (
				28558AB822DEFDC70014BFC8 /* TableView */,
				28558ACD22DEFDCB0014BFC8 /* TableViewTests */,
				28558AD822DEFDCB0014BFC8 /* TableViewUITests */,
				28558AB722DEFDC70014BFC8 /* Products */,
				2F1746381681DBD705A888FB /* Pods */,
				5EAFE1FA3627AA416894852C /* Frameworks */,
			);
			sourceTree = "<group>";
		};
		28558AB722DEFDC70014BFC8 /* Products */ = {
			isa = PBXGroup;
			children = (
				28558AB622DEFDC70014BFC8 /* TableView.app */,
				28558ACA22DEFDCB0014BFC8 /* TableViewTests.xctest */,
				28558AD522DEFDCB0014BFC8 /* TableViewUITests.xctest */,
			);
			name = Products;
			sourceTree = "<group>";
		};
		28558AB822DEFDC70014BFC8 /* TableView */ = {
			isa = PBXGroup;
			children = (
				28558AB922DEFDC70014BFC8 /* AppDelegate.swift */,
				28558B9C22E08D120014BFC8 /* TableViewController.swift */,
				28558BA022E08D980014BFC8 /* Model.swift */,
				28558B9E22E08D730014BFC8 /* TableView.plist */,
				28C64DBF22E1A92600CA0B66 /* ListBindingSectionController */,
				28558B0822DF1A0F0014BFC8 /* IGListKit */,
				28558AEA22DF05EE0014BFC8 /* MVVM */,
				28558ABD22DEFDC70014BFC8 /* Main.storyboard */,
				28558AC022DEFDCB0014BFC8 /* Assets.xcassets */,
				28558AC222DEFDCB0014BFC8 /* LaunchScreen.storyboard */,
				28558AC522DEFDCB0014BFC8 /* Info.plist */,
			);
			path = TableView;
			sourceTree = "<group>";
		};
		28558ACD22DEFDCB0014BFC8 /* TableViewTests */ = {
			isa = PBXGroup;
			children = (
				28558ACE22DEFDCB0014BFC8 /* TableViewTests.swift */,
				28558AD022DEFDCB0014BFC8 /* Info.plist */,
			);
			path = TableViewTests;
			sourceTree = "<group>";
		};
		28558AD822DEFDCB0014BFC8 /* TableViewUITests */ = {
			isa = PBXGroup;
			children = (
				28558AD922DEFDCB0014BFC8 /* TableViewUITests.swift */,
				28558ADB22DEFDCB0014BFC8 /* Info.plist */,
			);
			path = TableViewUITests;
			sourceTree = "<group>";
		};
		28558AEA22DF05EE0014BFC8 /* MVVM */ = {
			isa = PBXGroup;
			children = (
				28558AF722DF05EE0014BFC8 /* ServerData.json */,
				28558AEB22DF05EE0014BFC8 /* ManyCellController.swift */,
				28558AEC22DF05EE0014BFC8 /* Table View Cells */,
				28558AF822DF05EE0014BFC8 /* ProfileViewModel.swift */,
				28558AF922DF05EE0014BFC8 /* ProfileModel.swift */,
			);
			path = MVVM;
			sourceTree = "<group>";
		};
		28558AEC22DF05EE0014BFC8 /* Table View Cells */ = {
			isa = PBXGroup;
			children = (
				28558AEE22DF05EE0014BFC8 /* EmailCell.swift */,
				28558AED22DF05EE0014BFC8 /* EmailCell.xib */,
				28558AF022DF05EE0014BFC8 /* AttributeCell.swift */,
				28558AF522DF05EE0014BFC8 /* AttributeCell.xib */,
				28558AF122DF05EE0014BFC8 /* AboutCell.swift */,
				28558AF322DF05EE0014BFC8 /* AboutCell.xib */,
				28558AF222DF05EE0014BFC8 /* NamePictureCell.swift */,
				28558AF622DF05EE0014BFC8 /* NamePictureCell.xib */,
				28558AF422DF05EE0014BFC8 /* FriendCell.swift */,
				28558AEF22DF05EE0014BFC8 /* FriendCell.xib */,
			);
			path = "Table View Cells";
			sourceTree = "<group>";
		};
		28558B0822DF1A0F0014BFC8 /* IGListKit */ = {
			isa = PBXGroup;
			children = (
				28558B0B22DF46D70014BFC8 /* IGListKit.json */,
				28558B0922DF1A280014BFC8 /* BaseIGListKitController.swift */,
				28558B7A22E0653B0014BFC8 /* FirstListController.swift */,
				28558B6C22E025D00014BFC8 /* Feed.swift */,
				28558B0D22E00B3F0014BFC8 /* UserInfo */,
				28558B7122E040FC0014BFC8 /* Content */,
				28558B6F22E040FC0014BFC8 /* Comments */,
				28558B6E22E040FC0014BFC8 /* Image */,
				28558B7022E040FC0014BFC8 /* likes */,
			);
			path = IGListKit;
			sourceTree = "<group>";
		};
		28558B0D22E00B3F0014BFC8 /* UserInfo */ = {
			isa = PBXGroup;
			children = (
				28558B1222E011B90014BFC8 /* UserInfoSectionController.swift */,
				28558B1422E011F30014BFC8 /* UserInfoModel.swift */,
				28558B0E22E00DC20014BFC8 /* UserInfoCell.swift */,
				28558B0F22E00DC20014BFC8 /* UserInfoCell.xib */,
			);
			path = UserInfo;
			sourceTree = "<group>";
		};
		28558B6E22E040FC0014BFC8 /* Image */ = {
			isa = PBXGroup;
			children = (
				28558B8622E06E210014BFC8 /* ImageSectionController.swift */,
				28558B7622E043210014BFC8 /* ImagesCollectionCellModel.swift */,
				28558B8822E071BF0014BFC8 /* ImageCollectionCell.swift */,
				28558B8922E071BF0014BFC8 /* ImageCollectionCell.xib */,
				28558B8D22E073820014BFC8 /* ImageCell.swift */,
				28558B8C22E073820014BFC8 /* ImageCell.xib */,
			);
			path = Image;
			sourceTree = "<group>";
		};
		28558B6F22E040FC0014BFC8 /* Comments */ = {
			isa = PBXGroup;
			children = (
				28558B9A22E0896E0014BFC8 /* CommentsSectionController.swift */,
				28558B7222E041180014BFC8 /* CommentsModel.swift */,
				28558B9622E07A960014BFC8 /* CommentsCell.swift */,
				28558B9722E07A960014BFC8 /* CommentsCell.xib */,
			);
			path = Comments;
			sourceTree = "<group>";
		};
		28558B7022E040FC0014BFC8 /* likes */ = {
			isa = PBXGroup;
			children = (
				28558B9422E0785E0014BFC8 /* likeSectionController.swift */,
				28558B7822E043A50014BFC8 /* LikesModel.swift */,
				28558B9022E076D20014BFC8 /* LikeCell.swift */,
				28558B9122E076D20014BFC8 /* LikeCell.xib */,
			);
			path = likes;
			sourceTree = "<group>";
		};
		28558B7122E040FC0014BFC8 /* Content */ = {
			isa = PBXGroup;
			children = (
				28558B8022E06CE50014BFC8 /* ContentSectionController.swift */,
				28558B7422E041410014BFC8 /* ContentModel.swift */,
				28558B7C22E06C0D0014BFC8 /* ContentCell.swift */,
				28558B7D22E06C0D0014BFC8 /* ContentCell.xib */,
			);
			path = Content;
			sourceTree = "<group>";
		};
		28C64DBF22E1A92600CA0B66 /* ListBindingSectionController */ = {
			isa = PBXGroup;
			children = (
				28C64DCE22E1A93900CA0B66 /* SecondListController.swift */,
				28C64DC422E1A93900CA0B66 /* PostSectionController.swift */,
				28C64DC822E1A93900CA0B66 /* ActionCell.swift */,
				28C64DC722E1A93900CA0B66 /* ActionCell.xib */,
				28C64DCA22E1A93900CA0B66 /* ActionViewModel.swift */,
				28C64DC322E1A93900CA0B66 /* Comment.swift */,
				28C64DC922E1A93900CA0B66 /* CommentCell.swift */,
				28C64DC022E1A93900CA0B66 /* CommentCell.xib */,
				28C64DCC22E1A93900CA0B66 /* SecondImageCell.swift */,
				28C64DC222E1A93900CA0B66 /* SecondImageCell.xib */,
				28C64DC122E1A93900CA0B66 /* ImageViewModel.swift */,
				28C64DCB22E1A93900CA0B66 /* Post.swift */,
				28C64DC522E1A93900CA0B66 /* UserCell.swift */,
				28C64DCD22E1A93900CA0B66 /* UserCell.xib */,
				28C64DC622E1A93900CA0B66 /* UserViewModel.swift */,
			);
			path = ListBindingSectionController;
			sourceTree = "<group>";
		};
		2F1746381681DBD705A888FB /* Pods */ = {
			isa = PBXGroup;
			children = (
				703BC4591D62341BB03DA6DE /* Pods-TableView.debug.xcconfig */,
				00AC47E67E0AF022533B8794 /* Pods-TableView.release.xcconfig */,
			);
			path = Pods;
			sourceTree = "<group>";
		};
		5EAFE1FA3627AA416894852C /* Frameworks */ = {
			isa = PBXGroup;
			children = (
				1163753A54C83394EC4480CC /* Pods_TableView.framework */,
			);
			name = Frameworks;
			sourceTree = "<group>";
		};
/* End PBXGroup section */

/* Begin PBXNativeTarget section */
		28558AB522DEFDC70014BFC8 /* TableView */ = {
			isa = PBXNativeTarget;
			buildConfigurationList = 28558ADE22DEFDCB0014BFC8 /* Build configuration list for PBXNativeTarget "TableView" */;
			buildPhases = (
				1535703D7A5744329831DCC4 /* [CP] Check Pods Manifest.lock */,
				28558AB222DEFDC70014BFC8 /* Sources */,
				28558AB322DEFDC70014BFC8 /* Frameworks */,
				28558AB422DEFDC70014BFC8 /* Resources */,
				FA3A8B6AFABA509BADFC83F6 /* [CP] Embed Pods Frameworks */,
			);
			buildRules = (
			);
			dependencies = (
			);
			name = TableView;
			productName = TableView;
			productReference = 28558AB622DEFDC70014BFC8 /* TableView.app */;
			productType = "com.apple.product-type.application";
		};
		28558AC922DEFDCB0014BFC8 /* TableViewTests */ = {
			isa = PBXNativeTarget;
			buildConfigurationList = 28558AE122DEFDCB0014BFC8 /* Build configuration list for PBXNativeTarget "TableViewTests" */;
			buildPhases = (
				28558AC622DEFDCB0014BFC8 /* Sources */,
				28558AC722DEFDCB0014BFC8 /* Frameworks */,
				28558AC822DEFDCB0014BFC8 /* Resources */,
			);
			buildRules = (
			);
			dependencies = (
				28558ACC22DEFDCB0014BFC8 /* PBXTargetDependency */,
			);
			name = TableViewTests;
			productName = TableViewTests;
			productReference = 28558ACA22DEFDCB0014BFC8 /* TableViewTests.xctest */;
			productType = "com.apple.product-type.bundle.unit-test";
		};
		28558AD422DEFDCB0014BFC8 /* TableViewUITests */ = {
			isa = PBXNativeTarget;
			buildConfigurationList = 28558AE422DEFDCB0014BFC8 /* Build configuration list for PBXNativeTarget "TableViewUITests" */;
			buildPhases = (
				28558AD122DEFDCB0014BFC8 /* Sources */,
				28558AD222DEFDCB0014BFC8 /* Frameworks */,
				28558AD322DEFDCB0014BFC8 /* Resources */,
			);
			buildRules = (
			);
			dependencies = (
				28558AD722DEFDCB0014BFC8 /* PBXTargetDependency */,
			);
			name = TableViewUITests;
			productName = TableViewUITests;
			productReference = 28558AD522DEFDCB0014BFC8 /* TableViewUITests.xctest */;
			productType = "com.apple.product-type.bundle.ui-testing";
		};
/* End PBXNativeTarget section */

/* Begin PBXProject section */
		28558AAE22DEFDC70014BFC8 /* Project object */ = {
			isa = PBXProject;
			attributes = {
				LastSwiftUpdateCheck = 1010;
				LastUpgradeCheck = 1010;
				ORGANIZATIONNAME = yunna;
				TargetAttributes = {
					28558AB522DEFDC70014BFC8 = {
						CreatedOnToolsVersion = 10.1;
					};
					28558AC922DEFDCB0014BFC8 = {
						CreatedOnToolsVersion = 10.1;
						TestTargetID = 28558AB522DEFDC70014BFC8;
					};
					28558AD422DEFDCB0014BFC8 = {
						CreatedOnToolsVersion = 10.1;
						TestTargetID = 28558AB522DEFDC70014BFC8;
					};
				};
			};
			buildConfigurationList = 28558AB122DEFDC70014BFC8 /* Build configuration list for PBXProject "TableView" */;
			compatibilityVersion = "Xcode 9.3";
			developmentRegion = en;
			hasScannedForEncodings = 0;
			knownRegions = (
				en,
				Base,
			);
			mainGroup = 28558AAD22DEFDC70014BFC8;
			productRefGroup = 28558AB722DEFDC70014BFC8 /* Products */;
			projectDirPath = "";
			projectRoot = "";
			targets = (
				28558AB522DEFDC70014BFC8 /* TableView */,
				28558AC922DEFDCB0014BFC8 /* TableViewTests */,
				28558AD422DEFDCB0014BFC8 /* TableViewUITests */,
			);
		};
/* End PBXProject section */

/* Begin PBXResourcesBuildPhase section */
		28558AB422DEFDC70014BFC8 /* Resources */ = {
			isa = PBXResourcesBuildPhase;
			buildActionMask = 2147483647;
			files = (
				28558B9F22E08D730014BFC8 /* TableView.plist in Resources */,
				28558B9322E076D20014BFC8 /* LikeCell.xib in Resources */,
				28558AFD22DF05EE0014BFC8 /* FriendCell.xib in Resources */,
				28558B0522DF05EE0014BFC8 /* ServerData.json in Resources */,
				28C64DD122E1A93900CA0B66 /* SecondImageCell.xib in Resources */,
				28558B0422DF05EE0014BFC8 /* NamePictureCell.xib in Resources */,
				28558B0C22DF46D70014BFC8 /* IGListKit.json in Resources */,
				28558AC422DEFDCB0014BFC8 /* LaunchScreen.storyboard in Resources */,
				28558B0322DF05EE0014BFC8 /* AttributeCell.xib in Resources */,
				28558B9922E07A960014BFC8 /* CommentsCell.xib in Resources */,
				28558AC122DEFDCB0014BFC8 /* Assets.xcassets in Resources */,
				28558B0122DF05EE0014BFC8 /* AboutCell.xib in Resources */,
				28558B1122E00DC20014BFC8 /* UserInfoCell.xib in Resources */,
				28558B8E22E073820014BFC8 /* ImageCell.xib in Resources */,
				28558AFB22DF05EE0014BFC8 /* EmailCell.xib in Resources */,
				28558ABF22DEFDC70014BFC8 /* Main.storyboard in Resources */,
				28C64DCF22E1A93900CA0B66 /* CommentCell.xib in Resources */,
				28C64DD622E1A93900CA0B66 /* ActionCell.xib in Resources */,
				28558B7F22E06C0D0014BFC8 /* ContentCell.xib in Resources */,
				28558B8B22E071C00014BFC8 /* ImageCollectionCell.xib in Resources */,
				28C64DDC22E1A93900CA0B66 /* UserCell.xib in Resources */,
			);
			runOnlyForDeploymentPostprocessing = 0;
		};
		28558AC822DEFDCB0014BFC8 /* Resources */ = {
			isa = PBXResourcesBuildPhase;
			buildActionMask = 2147483647;
			files = (
			);
			runOnlyForDeploymentPostprocessing = 0;
		};
		28558AD322DEFDCB0014BFC8 /* Resources */ = {
			isa = PBXResourcesBuildPhase;
			buildActionMask = 2147483647;
			files = (
			);
			runOnlyForDeploymentPostprocessing = 0;
		};
/* End PBXResourcesBuildPhase section */

/* Begin PBXShellScriptBuildPhase section */
		1535703D7A5744329831DCC4 /* [CP] Check Pods Manifest.lock */ = {
			isa = PBXShellScriptBuildPhase;
			buildActionMask = 2147483647;
			files = (
			);
			inputFileListPaths = (
			);
			inputPaths = (
				"${PODS_PODFILE_DIR_PATH}/Podfile.lock",
				"${PODS_ROOT}/Manifest.lock",
			);
			name = "[CP] Check Pods Manifest.lock";
			outputFileListPaths = (
			);
			outputPaths = (
				"$(DERIVED_FILE_DIR)/Pods-TableView-checkManifestLockResult.txt",
			);
			runOnlyForDeploymentPostprocessing = 0;
			shellPath = /bin/sh;
			shellScript = "diff \"${PODS_PODFILE_DIR_PATH}/Podfile.lock\" \"${PODS_ROOT}/Manifest.lock\" > /dev/null\nif [ $? != 0 ] ; then\n    # print error to STDERR\n    echo \"error: The sandbox is not in sync with the Podfile.lock. Run 'pod install' or update your CocoaPods installation.\" >&2\n    exit 1\nfi\n# This output is used by Xcode 'outputs' to avoid re-running this script phase.\necho \"SUCCESS\" > \"${SCRIPT_OUTPUT_FILE_0}\"\n";
			showEnvVarsInLog = 0;
		};
		FA3A8B6AFABA509BADFC83F6 /* [CP] Embed Pods Frameworks */ = {
			isa = PBXShellScriptBuildPhase;
			buildActionMask = 2147483647;
			files = (
			);
			inputFileListPaths = (
			);
			inputPaths = (
				"${PODS_ROOT}/Target Support Files/Pods-TableView/Pods-TableView-frameworks.sh",
				"${BUILT_PRODUCTS_DIR}/IGListKit/IGListKit.framework",
				"${BUILT_PRODUCTS_DIR}/Kingfisher/Kingfisher.framework",
				"${BUILT_PRODUCTS_DIR}/SwiftyJSON/SwiftyJSON.framework",
			);
			name = "[CP] Embed Pods Frameworks";
			outputFileListPaths = (
			);
			outputPaths = (
				"${TARGET_BUILD_DIR}/${FRAMEWORKS_FOLDER_PATH}/IGListKit.framework",
				"${TARGET_BUILD_DIR}/${FRAMEWORKS_FOLDER_PATH}/Kingfisher.framework",
				"${TARGET_BUILD_DIR}/${FRAMEWORKS_FOLDER_PATH}/SwiftyJSON.framework",
			);
			runOnlyForDeploymentPostprocessing = 0;
			shellPath = /bin/sh;
			shellScript = "\"${PODS_ROOT}/Target Support Files/Pods-TableView/Pods-TableView-frameworks.sh\"\n";
			showEnvVarsInLog = 0;
		};
/* End PBXShellScriptBuildPhase section */

/* Begin PBXSourcesBuildPhase section */
		28558AB222DEFDC70014BFC8 /* Sources */ = {
			isa = PBXSourcesBuildPhase;
			buildActionMask = 2147483647;
			files = (
				28558B0022DF05EE0014BFC8 /* NamePictureCell.swift in Sources */,
				28558B9522E0785E0014BFC8 /* likeSectionController.swift in Sources */,
				28558B6D22E025D00014BFC8 /* Feed.swift in Sources */,
				28558B8A22E071C00014BFC8 /* ImageCollectionCell.swift in Sources */,
				28C64DD422E1A93900CA0B66 /* UserCell.swift in Sources */,
				28558AFA22DF05EE0014BFC8 /* ManyCellController.swift in Sources */,
				28558B0622DF05EE0014BFC8 /* ProfileViewModel.swift in Sources */,
				28558B7322E041180014BFC8 /* CommentsModel.swift in Sources */,
				28C64DDD22E1A93900CA0B66 /* SecondListController.swift in Sources */,
				28C64DD822E1A93900CA0B66 /* CommentCell.swift in Sources */,
				28558B1522E011F30014BFC8 /* UserInfoModel.swift in Sources */,
				28558B7922E043A50014BFC8 /* LikesModel.swift in Sources */,
				28558B8F22E073820014BFC8 /* ImageCell.swift in Sources */,
				28558B7B22E0653B0014BFC8 /* FirstListController.swift in Sources */,
				28558B9B22E0896E0014BFC8 /* CommentsSectionController.swift in Sources */,
				28558B9D22E08D120014BFC8 /* TableViewController.swift in Sources */,
				28558B0A22DF1A280014BFC8 /* BaseIGListKitController.swift in Sources */,
				28558B0222DF05EE0014BFC8 /* FriendCell.swift in Sources */,
				28558BA122E08D980014BFC8 /* Model.swift in Sources */,
				28C64DD922E1A93900CA0B66 /* ActionViewModel.swift in Sources */,
				28558B0722DF05EE0014BFC8 /* ProfileModel.swift in Sources */,
				28558AFC22DF05EE0014BFC8 /* EmailCell.swift in Sources */,
				28558B1022E00DC20014BFC8 /* UserInfoCell.swift in Sources */,
				28558B7522E041410014BFC8 /* ContentModel.swift in Sources */,
				28558B8122E06CE50014BFC8 /* ContentSectionController.swift in Sources */,
				28C64DD322E1A93900CA0B66 /* PostSectionController.swift in Sources */,
				28558B7E22E06C0D0014BFC8 /* ContentCell.swift in Sources */,
				28558B7722E043210014BFC8 /* ImagesCollectionCellModel.swift in Sources */,
				28558B9222E076D20014BFC8 /* LikeCell.swift in Sources */,
				28558AFE22DF05EE0014BFC8 /* AttributeCell.swift in Sources */,
				28C64DDB22E1A93900CA0B66 /* SecondImageCell.swift in Sources */,
				28558B8722E06E220014BFC8 /* ImageSectionController.swift in Sources */,
				28C64DDA22E1A93900CA0B66 /* Post.swift in Sources */,
				28558B1322E011B90014BFC8 /* UserInfoSectionController.swift in Sources */,
				28C64DD222E1A93900CA0B66 /* Comment.swift in Sources */,
				28558ABA22DEFDC70014BFC8 /* AppDelegate.swift in Sources */,
				28558AFF22DF05EE0014BFC8 /* AboutCell.swift in Sources */,
				28C64DD022E1A93900CA0B66 /* ImageViewModel.swift in Sources */,
				28C64DD722E1A93900CA0B66 /* ActionCell.swift in Sources */,
				28C64DD522E1A93900CA0B66 /* UserViewModel.swift in Sources */,
				28558B9822E07A960014BFC8 /* CommentsCell.swift in Sources */,
			);
			runOnlyForDeploymentPostprocessing = 0;
		};
		28558AC622DEFDCB0014BFC8 /* Sources */ = {
			isa = PBXSourcesBuildPhase;
			buildActionMask = 2147483647;
			files = (
				28558ACF22DEFDCB0014BFC8 /* TableViewTests.swift in Sources */,
			);
			runOnlyForDeploymentPostprocessing = 0;
		};
		28558AD122DEFDCB0014BFC8 /* Sources */ = {
			isa = PBXSourcesBuildPhase;
			buildActionMask = 2147483647;
			files = (
				28558ADA22DEFDCB0014BFC8 /* TableViewUITests.swift in Sources */,
			);
			runOnlyForDeploymentPostprocessing = 0;
		};
/* End PBXSourcesBuildPhase section */

/* Begin PBXTargetDependency section */
		28558ACC22DEFDCB0014BFC8 /* PBXTargetDependency */ = {
			isa = PBXTargetDependency;
			target = 28558AB522DEFDC70014BFC8 /* TableView */;
			targetProxy = 28558ACB22DEFDCB0014BFC8 /* PBXContainerItemProxy */;
		};
		28558AD722DEFDCB0014BFC8 /* PBXTargetDependency */ = {
			isa = PBXTargetDependency;
			target = 28558AB522DEFDC70014BFC8 /* TableView */;
			targetProxy = 28558AD622DEFDCB0014BFC8 /* PBXContainerItemProxy */;
		};
/* End PBXTargetDependency section */

/* Begin PBXVariantGroup section */
		28558ABD22DEFDC70014BFC8 /* Main.storyboard */ = {
			isa = PBXVariantGroup;
			children = (
				28558ABE22DEFDC70014BFC8 /* Base */,
			);
			name = Main.storyboard;
			sourceTree = "<group>";
		};
		28558AC222DEFDCB0014BFC8 /* LaunchScreen.storyboard */ = {
			isa = PBXVariantGroup;
			children = (
				28558AC322DEFDCB0014BFC8 /* Base */,
			);
			name = LaunchScreen.storyboard;
			sourceTree = "<group>";
		};
/* End PBXVariantGroup section */

/* Begin XCBuildConfiguration section */
		28558ADC22DEFDCB0014BFC8 /* Debug */ = {
			isa = XCBuildConfiguration;
			buildSettings = {
				ALWAYS_SEARCH_USER_PATHS = NO;
				CLANG_ANALYZER_NONNULL = YES;
				CLANG_ANALYZER_NUMBER_OBJECT_CONVERSION = YES_AGGRESSIVE;
				CLANG_CXX_LANGUAGE_STANDARD = "gnu++14";
				CLANG_CXX_LIBRARY = "libc++";
				CLANG_ENABLE_MODULES = YES;
				CLANG_ENABLE_OBJC_ARC = YES;
				CLANG_ENABLE_OBJC_WEAK = YES;
				CLANG_WARN_BLOCK_CAPTURE_AUTORELEASING = YES;
				CLANG_WARN_BOOL_CONVERSION = YES;
				CLANG_WARN_COMMA = YES;
				CLANG_WARN_CONSTANT_CONVERSION = YES;
				CLANG_WARN_DEPRECATED_OBJC_IMPLEMENTATIONS = YES;
				CLANG_WARN_DIRECT_OBJC_ISA_USAGE = YES_ERROR;
				CLANG_WARN_DOCUMENTATION_COMMENTS = YES;
				CLANG_WARN_EMPTY_BODY = YES;
				CLANG_WARN_ENUM_CONVERSION = YES;
				CLANG_WARN_INFINITE_RECURSION = YES;
				CLANG_WARN_INT_CONVERSION = YES;
				CLANG_WARN_NON_LITERAL_NULL_CONVERSION = YES;
				CLANG_WARN_OBJC_IMPLICIT_RETAIN_SELF = YES;
				CLANG_WARN_OBJC_LITERAL_CONVERSION = YES;
				CLANG_WARN_OBJC_ROOT_CLASS = YES_ERROR;
				CLANG_WARN_RANGE_LOOP_ANALYSIS = YES;
				CLANG_WARN_STRICT_PROTOTYPES = YES;
				CLANG_WARN_SUSPICIOUS_MOVE = YES;
				CLANG_WARN_UNGUARDED_AVAILABILITY = YES_AGGRESSIVE;
				CLANG_WARN_UNREACHABLE_CODE = YES;
				CLANG_WARN__DUPLICATE_METHOD_MATCH = YES;
				CODE_SIGN_IDENTITY = "iPhone Developer";
				COPY_PHASE_STRIP = NO;
				DEBUG_INFORMATION_FORMAT = dwarf;
				ENABLE_STRICT_OBJC_MSGSEND = YES;
				ENABLE_TESTABILITY = YES;
				GCC_C_LANGUAGE_STANDARD = gnu11;
				GCC_DYNAMIC_NO_PIC = NO;
				GCC_NO_COMMON_BLOCKS = YES;
				GCC_OPTIMIZATION_LEVEL = 0;
				GCC_PREPROCESSOR_DEFINITIONS = (
					"DEBUG=1",
					"$(inherited)",
				);
				GCC_WARN_64_TO_32_BIT_CONVERSION = YES;
				GCC_WARN_ABOUT_RETURN_TYPE = YES_ERROR;
				GCC_WARN_UNDECLARED_SELECTOR = YES;
				GCC_WARN_UNINITIALIZED_AUTOS = YES_AGGRESSIVE;
				GCC_WARN_UNUSED_FUNCTION = YES;
				GCC_WARN_UNUSED_VARIABLE = YES;
				IPHONEOS_DEPLOYMENT_TARGET = 12.1;
				MTL_ENABLE_DEBUG_INFO = INCLUDE_SOURCE;
				MTL_FAST_MATH = YES;
				ONLY_ACTIVE_ARCH = YES;
				SDKROOT = iphoneos;
				SWIFT_ACTIVE_COMPILATION_CONDITIONS = DEBUG;
				SWIFT_OPTIMIZATION_LEVEL = "-Onone";
			};
			name = Debug;
		};
		28558ADD22DEFDCB0014BFC8 /* Release */ = {
			isa = XCBuildConfiguration;
			buildSettings = {
				ALWAYS_SEARCH_USER_PATHS = NO;
				CLANG_ANALYZER_NONNULL = YES;
				CLANG_ANALYZER_NUMBER_OBJECT_CONVERSION = YES_AGGRESSIVE;
				CLANG_CXX_LANGUAGE_STANDARD = "gnu++14";
				CLANG_CXX_LIBRARY = "libc++";
				CLANG_ENABLE_MODULES = YES;
				CLANG_ENABLE_OBJC_ARC = YES;
				CLANG_ENABLE_OBJC_WEAK = YES;
				CLANG_WARN_BLOCK_CAPTURE_AUTORELEASING = YES;
				CLANG_WARN_BOOL_CONVERSION = YES;
				CLANG_WARN_COMMA = YES;
				CLANG_WARN_CONSTANT_CONVERSION = YES;
				CLANG_WARN_DEPRECATED_OBJC_IMPLEMENTATIONS = YES;
				CLANG_WARN_DIRECT_OBJC_ISA_USAGE = YES_ERROR;
				CLANG_WARN_DOCUMENTATION_COMMENTS = YES;
				CLANG_WARN_EMPTY_BODY = YES;
				CLANG_WARN_ENUM_CONVERSION = YES;
				CLANG_WARN_INFINITE_RECURSION = YES;
				CLANG_WARN_INT_CONVERSION = YES;
				CLANG_WARN_NON_LITERAL_NULL_CONVERSION = YES;
				CLANG_WARN_OBJC_IMPLICIT_RETAIN_SELF = YES;
				CLANG_WARN_OBJC_LITERAL_CONVERSION = YES;
				CLANG_WARN_OBJC_ROOT_CLASS = YES_ERROR;
				CLANG_WARN_RANGE_LOOP_ANALYSIS = YES;
				CLANG_WARN_STRICT_PROTOTYPES = YES;
				CLANG_WARN_SUSPICIOUS_MOVE = YES;
				CLANG_WARN_UNGUARDED_AVAILABILITY = YES_AGGRESSIVE;
				CLANG_WARN_UNREACHABLE_CODE = YES;
				CLANG_WARN__DUPLICATE_METHOD_MATCH = YES;
				CODE_SIGN_IDENTITY = "iPhone Developer";
				COPY_PHASE_STRIP = NO;
				DEBUG_INFORMATION_FORMAT = "dwarf-with-dsym";
				ENABLE_NS_ASSERTIONS = NO;
				ENABLE_STRICT_OBJC_MSGSEND = YES;
				GCC_C_LANGUAGE_STANDARD = gnu11;
				GCC_NO_COMMON_BLOCKS = YES;
				GCC_WARN_64_TO_32_BIT_CONVERSION = YES;
				GCC_WARN_ABOUT_RETURN_TYPE = YES_ERROR;
				GCC_WARN_UNDECLARED_SELECTOR = YES;
				GCC_WARN_UNINITIALIZED_AUTOS = YES_AGGRESSIVE;
				GCC_WARN_UNUSED_FUNCTION = YES;
				GCC_WARN_UNUSED_VARIABLE = YES;
				IPHONEOS_DEPLOYMENT_TARGET = 12.1;
				MTL_ENABLE_DEBUG_INFO = NO;
				MTL_FAST_MATH = YES;
				SDKROOT = iphoneos;
				SWIFT_COMPILATION_MODE = wholemodule;
				SWIFT_OPTIMIZATION_LEVEL = "-O";
				VALIDATE_PRODUCT = YES;
			};
			name = Release;
		};
		28558ADF22DEFDCB0014BFC8 /* Debug */ = {
			isa = XCBuildConfiguration;
			baseConfigurationReference = 703BC4591D62341BB03DA6DE /* Pods-TableView.debug.xcconfig */;
			buildSettings = {
				ASSETCATALOG_COMPILER_APPICON_NAME = AppIcon;
				CODE_SIGN_STYLE = Automatic;
				DEVELOPMENT_TEAM = Z69Q2FEZS9;
				INFOPLIST_FILE = TableView/Info.plist;
				IPHONEOS_DEPLOYMENT_TARGET = 9.1;
				LD_RUNPATH_SEARCH_PATHS = (
					"$(inherited)",
					"@executable_path/Frameworks",
				);
				PRODUCT_BUNDLE_IDENTIFIER = yunna.TableView;
				PRODUCT_NAME = "$(TARGET_NAME)";
				SWIFT_VERSION = 4.2;
				TARGETED_DEVICE_FAMILY = "1,2";
			};
			name = Debug;
		};
		28558AE022DEFDCB0014BFC8 /* Release */ = {
			isa = XCBuildConfiguration;
			baseConfigurationReference = 00AC47E67E0AF022533B8794 /* Pods-TableView.release.xcconfig */;
			buildSettings = {
				ASSETCATALOG_COMPILER_APPICON_NAME = AppIcon;
				CODE_SIGN_STYLE = Automatic;
				DEVELOPMENT_TEAM = Z69Q2FEZS9;
				INFOPLIST_FILE = TableView/Info.plist;
				IPHONEOS_DEPLOYMENT_TARGET = 9.1;
				LD_RUNPATH_SEARCH_PATHS = (
					"$(inherited)",
					"@executable_path/Frameworks",
				);
				PRODUCT_BUNDLE_IDENTIFIER = yunna.TableView;
				PRODUCT_NAME = "$(TARGET_NAME)";
				SWIFT_VERSION = 4.2;
				TARGETED_DEVICE_FAMILY = "1,2";
			};
			name = Release;
		};
		28558AE222DEFDCB0014BFC8 /* Debug */ = {
			isa = XCBuildConfiguration;
			buildSettings = {
				ALWAYS_EMBED_SWIFT_STANDARD_LIBRARIES = YES;
				BUNDLE_LOADER = "$(TEST_HOST)";
				CODE_SIGN_STYLE = Automatic;
				DEVELOPMENT_TEAM = Z69Q2FEZS9;
				INFOPLIST_FILE = TableViewTests/Info.plist;
				LD_RUNPATH_SEARCH_PATHS = (
					"$(inherited)",
					"@executable_path/Frameworks",
					"@loader_path/Frameworks",
				);
				PRODUCT_BUNDLE_IDENTIFIER = yunna.TableViewTests;
				PRODUCT_NAME = "$(TARGET_NAME)";
				SWIFT_VERSION = 4.2;
				TARGETED_DEVICE_FAMILY = "1,2";
				TEST_HOST = "$(BUILT_PRODUCTS_DIR)/TableView.app/TableView";
			};
			name = Debug;
		};
		28558AE322DEFDCB0014BFC8 /* Release */ = {
			isa = XCBuildConfiguration;
			buildSettings = {
				ALWAYS_EMBED_SWIFT_STANDARD_LIBRARIES = YES;
				BUNDLE_LOADER = "$(TEST_HOST)";
				CODE_SIGN_STYLE = Automatic;
				DEVELOPMENT_TEAM = Z69Q2FEZS9;
				INFOPLIST_FILE = TableViewTests/Info.plist;
				LD_RUNPATH_SEARCH_PATHS = (
					"$(inherited)",
					"@executable_path/Frameworks",
					"@loader_path/Frameworks",
				);
				PRODUCT_BUNDLE_IDENTIFIER = yunna.TableViewTests;
				PRODUCT_NAME = "$(TARGET_NAME)";
				SWIFT_VERSION = 4.2;
				TARGETED_DEVICE_FAMILY = "1,2";
				TEST_HOST = "$(BUILT_PRODUCTS_DIR)/TableView.app/TableView";
			};
			name = Release;
		};
		28558AE522DEFDCB0014BFC8 /* Debug */ = {
			isa = XCBuildConfiguration;
			buildSettings = {
				ALWAYS_EMBED_SWIFT_STANDARD_LIBRARIES = YES;
				CODE_SIGN_STYLE = Automatic;
				DEVELOPMENT_TEAM = Z69Q2FEZS9;
				INFOPLIST_FILE = TableViewUITests/Info.plist;
				LD_RUNPATH_SEARCH_PATHS = (
					"$(inherited)",
					"@executable_path/Frameworks",
					"@loader_path/Frameworks",
				);
				PRODUCT_BUNDLE_IDENTIFIER = yunna.TableViewUITests;
				PRODUCT_NAME = "$(TARGET_NAME)";
				SWIFT_VERSION = 4.2;
				TARGETED_DEVICE_FAMILY = "1,2";
				TEST_TARGET_NAME = TableView;
			};
			name = Debug;
		};
		28558AE622DEFDCB0014BFC8 /* Release */ = {
			isa = XCBuildConfiguration;
			buildSettings = {
				ALWAYS_EMBED_SWIFT_STANDARD_LIBRARIES = YES;
				CODE_SIGN_STYLE = Automatic;
				DEVELOPMENT_TEAM = Z69Q2FEZS9;
				INFOPLIST_FILE = TableViewUITests/Info.plist;
				LD_RUNPATH_SEARCH_PATHS = (
					"$(inherited)",
					"@executable_path/Frameworks",
					"@loader_path/Frameworks",
				);
				PRODUCT_BUNDLE_IDENTIFIER = yunna.TableViewUITests;
				PRODUCT_NAME = "$(TARGET_NAME)";
				SWIFT_VERSION = 4.2;
				TARGETED_DEVICE_FAMILY = "1,2";
				TEST_TARGET_NAME = TableView;
			};
			name = Release;
		};
/* End XCBuildConfiguration section */

/* Begin XCConfigurationList section */
		28558AB122DEFDC70014BFC8 /* Build configuration list for PBXProject "TableView" */ = {
			isa = XCConfigurationList;
			buildConfigurations = (
				28558ADC22DEFDCB0014BFC8 /* Debug */,
				28558ADD22DEFDCB0014BFC8 /* Release */,
			);
			defaultConfigurationIsVisible = 0;
			defaultConfigurationName = Release;
		};
		28558ADE22DEFDCB0014BFC8 /* Build configuration list for PBXNativeTarget "TableView" */ = {
			isa = XCConfigurationList;
			buildConfigurations = (
				28558ADF22DEFDCB0014BFC8 /* Debug */,
				28558AE022DEFDCB0014BFC8 /* Release */,
			);
			defaultConfigurationIsVisible = 0;
			defaultConfigurationName = Release;
		};
		28558AE122DEFDCB0014BFC8 /* Build configuration list for PBXNativeTarget "TableViewTests" */ = {
			isa = XCConfigurationList;
			buildConfigurations = (
				28558AE222DEFDCB0014BFC8 /* Debug */,
				28558AE322DEFDCB0014BFC8 /* Release */,
			);
			defaultConfigurationIsVisible = 0;
			defaultConfigurationName = Release;
		};
		28558AE422DEFDCB0014BFC8 /* Build configuration list for PBXNativeTarget "TableViewUITests" */ = {
			isa = XCConfigurationList;
			buildConfigurations = (
				28558AE522DEFDCB0014BFC8 /* Debug */,
				28558AE622DEFDCB0014BFC8 /* Release */,
			);
			defaultConfigurationIsVisible = 0;
			defaultConfigurationName = Release;
		};
/* End XCConfigurationList section */
	};
	rootObject = 28558AAE22DEFDC70014BFC8 /* Project object */;
}
